// !$*UTF8*$!
{
	archiveVersion = 1;
	classes = {
	};
	objectVersion = 42;
	objects = {

/* Begin PBXBuildFile section */
		543F5C4213229E400062CEAD /* ofxTwitterStreamClient.cpp in Sources */ = {isa = PBXBuildFile; fileRef = 543F5C3213229E400062CEAD /* ofxTwitterStreamClient.cpp */; };
		543F5C4313229E400062CEAD /* ofxTwitterStreamClientJSONThread.cpp in Sources */ = {isa = PBXBuildFile; fileRef = 543F5C3513229E400062CEAD /* ofxTwitterStreamClientJSONThread.cpp */; };
		543F5C4413229E400062CEAD /* ofxTwitterStreamEventListener.cpp in Sources */ = {isa = PBXBuildFile; fileRef = 543F5C3713229E400062CEAD /* ofxTwitterStreamEventListener.cpp */; };
		543F5C4513229E400062CEAD /* ofxTwitterStreamEventManager.cpp in Sources */ = {isa = PBXBuildFile; fileRef = 543F5C3913229E400062CEAD /* ofxTwitterStreamEventManager.cpp */; };
		543F5C4613229E400062CEAD /* ofxTwitterStreamJSONParser.cpp in Sources */ = {isa = PBXBuildFile; fileRef = 543F5C3B13229E400062CEAD /* ofxTwitterStreamJSONParser.cpp */; };
		543F5C4713229E400062CEAD /* ofxTwitterStreamSQLiteListener.cpp in Sources */ = {isa = PBXBuildFile; fileRef = 543F5C3D13229E400062CEAD /* ofxTwitterStreamSQLiteListener.cpp */; };
		543F5C4813229E400062CEAD /* ofxTwitterStreamTweet.cpp in Sources */ = {isa = PBXBuildFile; fileRef = 543F5C3F13229E400062CEAD /* ofxTwitterStreamTweet.cpp */; };
		543F5C5C13229E550062CEAD /* dump.c in Sources */ = {isa = PBXBuildFile; fileRef = 543F5C4E13229E550062CEAD /* dump.c */; };
		543F5C5D13229E550062CEAD /* hashtable.c in Sources */ = {isa = PBXBuildFile; fileRef = 543F5C4F13229E550062CEAD /* hashtable.c */; };
		543F5C5E13229E550062CEAD /* load.c in Sources */ = {isa = PBXBuildFile; fileRef = 543F5C5313229E550062CEAD /* load.c */; };
		543F5C5F13229E550062CEAD /* strbuffer.c in Sources */ = {isa = PBXBuildFile; fileRef = 543F5C5413229E550062CEAD /* strbuffer.c */; };
		543F5C6013229E550062CEAD /* utf.c in Sources */ = {isa = PBXBuildFile; fileRef = 543F5C5613229E550062CEAD /* utf.c */; };
		543F5C6113229E550062CEAD /* value.c in Sources */ = {isa = PBXBuildFile; fileRef = 543F5C5913229E550062CEAD /* value.c */; };
		543F5C6213229E550062CEAD /* ofxJansson.cpp in Sources */ = {isa = PBXBuildFile; fileRef = 543F5C5A13229E550062CEAD /* ofxJansson.cpp */; };
		543F5C6913229E6D0062CEAD /* libboost_filesystem-xgcc42-mt-1_43.a in Frameworks */ = {isa = PBXBuildFile; fileRef = 543F5C6513229E6D0062CEAD /* libboost_filesystem-xgcc42-mt-1_43.a */; };
		543F5C6A13229E6D0062CEAD /* libboost_regex-xgcc42-mt-1_43.a in Frameworks */ = {isa = PBXBuildFile; fileRef = 543F5C6613229E6D0062CEAD /* libboost_regex-xgcc42-mt-1_43.a */; };
		543F5C6B13229E6E0062CEAD /* libboost_system-xgcc42-mt-1_43.a in Frameworks */ = {isa = PBXBuildFile; fileRef = 543F5C6713229E6D0062CEAD /* libboost_system-xgcc42-mt-1_43.a */; };
		543F5C6C13229E6E0062CEAD /* libboost_thread-xgcc42-mt-1_43.a in Frameworks */ = {isa = PBXBuildFile; fileRef = 543F5C6813229E6D0062CEAD /* libboost_thread-xgcc42-mt-1_43.a */; };
		543F5C7713229E8A0062CEAD /* html.cpp in Sources */ = {isa = PBXBuildFile; fileRef = 543F5C7013229E8A0062CEAD /* html.cpp */; };
		543F5C7813229E8A0062CEAD /* modp_b64.c in Sources */ = {isa = PBXBuildFile; fileRef = 543F5C7413229E8A0062CEAD /* modp_b64.c */; };
		543F5C9813229EF50062CEAD /* sqlite3.c in Sources */ = {isa = PBXBuildFile; fileRef = 543F5C8313229EF50062CEAD /* sqlite3.c */; };
		543F5C9913229EF50062CEAD /* ofxSQLite.cpp in Sources */ = {isa = PBXBuildFile; fileRef = 543F5C8613229EF50062CEAD /* ofxSQLite.cpp */; };
		543F5C9A13229EF50062CEAD /* ofxSQLiteAbstract.cpp in Sources */ = {isa = PBXBuildFile; fileRef = 543F5C8813229EF50062CEAD /* ofxSQLiteAbstract.cpp */; };
		543F5C9B13229EF50062CEAD /* ofxSQLiteDelete.cpp in Sources */ = {isa = PBXBuildFile; fileRef = 543F5C8A13229EF50062CEAD /* ofxSQLiteDelete.cpp */; };
		543F5C9C13229EF50062CEAD /* ofxSQLiteFieldValues.cpp in Sources */ = {isa = PBXBuildFile; fileRef = 543F5C8C13229EF50062CEAD /* ofxSQLiteFieldValues.cpp */; };
		543F5C9D13229EF50062CEAD /* ofxSQLiteInsert.cpp in Sources */ = {isa = PBXBuildFile; fileRef = 543F5C8F13229EF50062CEAD /* ofxSQLiteInsert.cpp */; };
		543F5C9E13229EF50062CEAD /* ofxSQLiteSelect.cpp in Sources */ = {isa = PBXBuildFile; fileRef = 543F5C9113229EF50062CEAD /* ofxSQLiteSelect.cpp */; };
		543F5C9F13229EF50062CEAD /* ofxSQLiteUpdate.cpp in Sources */ = {isa = PBXBuildFile; fileRef = 543F5C9513229EF50062CEAD /* ofxSQLiteUpdate.cpp */; };
		E45BE97B0E8CC7DD009D7055 /* AGL.framework in Frameworks */ = {isa = PBXBuildFile; fileRef = E45BE9710E8CC7DD009D7055 /* AGL.framework */; };
		E45BE97C0E8CC7DD009D7055 /* ApplicationServices.framework in Frameworks */ = {isa = PBXBuildFile; fileRef = E45BE9720E8CC7DD009D7055 /* ApplicationServices.framework */; };
		E45BE97D0E8CC7DD009D7055 /* AudioToolbox.framework in Frameworks */ = {isa = PBXBuildFile; fileRef = E45BE9730E8CC7DD009D7055 /* AudioToolbox.framework */; };
		E45BE97E0E8CC7DD009D7055 /* Carbon.framework in Frameworks */ = {isa = PBXBuildFile; fileRef = E45BE9740E8CC7DD009D7055 /* Carbon.framework */; };
		E45BE97F0E8CC7DD009D7055 /* CoreAudio.framework in Frameworks */ = {isa = PBXBuildFile; fileRef = E45BE9750E8CC7DD009D7055 /* CoreAudio.framework */; };
		E45BE9800E8CC7DD009D7055 /* CoreFoundation.framework in Frameworks */ = {isa = PBXBuildFile; fileRef = E45BE9760E8CC7DD009D7055 /* CoreFoundation.framework */; };
		E45BE9810E8CC7DD009D7055 /* CoreServices.framework in Frameworks */ = {isa = PBXBuildFile; fileRef = E45BE9770E8CC7DD009D7055 /* CoreServices.framework */; };
		E45BE9830E8CC7DD009D7055 /* OpenGL.framework in Frameworks */ = {isa = PBXBuildFile; fileRef = E45BE9790E8CC7DD009D7055 /* OpenGL.framework */; };
		E45BE9840E8CC7DD009D7055 /* QuickTime.framework in Frameworks */ = {isa = PBXBuildFile; fileRef = E45BE97A0E8CC7DD009D7055 /* QuickTime.framework */; };
		E4B69E200A3A1BDC003C02F2 /* main.cpp in Sources */ = {isa = PBXBuildFile; fileRef = E4B69E1D0A3A1BDC003C02F2 /* main.cpp */; };
		E4B69E210A3A1BDC003C02F2 /* testApp.cpp in Sources */ = {isa = PBXBuildFile; fileRef = E4B69E1E0A3A1BDC003C02F2 /* testApp.cpp */; };
		E4C2422B10CC554B004149E2 /* openFrameworksDebug.a in Frameworks */ = {isa = PBXBuildFile; fileRef = E4C2421E10CC549C004149E2 /* openFrameworksDebug.a */; };
		E4C2424710CC5A17004149E2 /* AppKit.framework in Frameworks */ = {isa = PBXBuildFile; fileRef = E4C2424410CC5A17004149E2 /* AppKit.framework */; };
		E4C2424810CC5A17004149E2 /* Cocoa.framework in Frameworks */ = {isa = PBXBuildFile; fileRef = E4C2424510CC5A17004149E2 /* Cocoa.framework */; };
		E4C2424910CC5A17004149E2 /* IOKit.framework in Frameworks */ = {isa = PBXBuildFile; fileRef = E4C2424610CC5A17004149E2 /* IOKit.framework */; };
		E4C2426610CC5A78004149E2 /* GLUT.framework in Frameworks */ = {isa = PBXBuildFile; fileRef = E4C2425F10CC5A78004149E2 /* GLUT.framework */; };
		E4C2426B10CC5AA6004149E2 /* GLUT.framework in CopyFiles */ = {isa = PBXBuildFile; fileRef = E4C2425F10CC5A78004149E2 /* GLUT.framework */; };
/* End PBXBuildFile section */

/* Begin PBXContainerItemProxy section */
		E4C2421D10CC549C004149E2 /* PBXContainerItemProxy */ = {
			isa = PBXContainerItemProxy;
			containerPortal = E4C2421610CC549C004149E2 /* openFrameworksLib.xcodeproj */;
			proxyType = 2;
			remoteGlobalIDString = E4B27C1510CBEB8E00536013;
			remoteInfo = openFrameworks;
		};
		E4C2422710CC54DA004149E2 /* PBXContainerItemProxy */ = {
			isa = PBXContainerItemProxy;
			containerPortal = E4C2421610CC549C004149E2 /* openFrameworksLib.xcodeproj */;
			proxyType = 1;
			remoteGlobalIDString = E4B27C1410CBEB8E00536013;
			remoteInfo = openFrameworks;
		};
/* End PBXContainerItemProxy section */

/* Begin PBXCopyFilesBuildPhase section */
		E4C2427710CC5ABF004149E2 /* CopyFiles */ = {
			isa = PBXCopyFilesBuildPhase;
			buildActionMask = 2147483647;
			dstPath = "";
			dstSubfolderSpec = 10;
			files = (
				E4C2426B10CC5AA6004149E2 /* GLUT.framework in CopyFiles */,
			);
			runOnlyForDeploymentPostprocessing = 0;
		};
/* End PBXCopyFilesBuildPhase section */

/* Begin PBXFileReference section */
		543F5C3113229E400062CEAD /* ofxTwitterStream.h */ = {isa = PBXFileReference; fileEncoding = 4; lastKnownFileType = sourcecode.c.h; name = ofxTwitterStream.h; path = ../../../../addons_diederick/ofxTwitterStream/src/ofxTwitterStream.h; sourceTree = SOURCE_ROOT; };
		543F5C3213229E400062CEAD /* ofxTwitterStreamClient.cpp */ = {isa = PBXFileReference; fileEncoding = 4; lastKnownFileType = sourcecode.cpp.cpp; name = ofxTwitterStreamClient.cpp; path = ../../../../addons_diederick/ofxTwitterStream/src/ofxTwitterStreamClient.cpp; sourceTree = SOURCE_ROOT; };
		543F5C3313229E400062CEAD /* ofxTwitterStreamClient.h */ = {isa = PBXFileReference; fileEncoding = 4; lastKnownFileType = sourcecode.c.h; name = ofxTwitterStreamClient.h; path = ../../../../addons_diederick/ofxTwitterStream/src/ofxTwitterStreamClient.h; sourceTree = SOURCE_ROOT; };
		543F5C3413229E400062CEAD /* ofxTwitterStreamClientJSON.h */ = {isa = PBXFileReference; fileEncoding = 4; lastKnownFileType = sourcecode.c.h; name = ofxTwitterStreamClientJSON.h; path = ../../../../addons_diederick/ofxTwitterStream/src/ofxTwitterStreamClientJSON.h; sourceTree = SOURCE_ROOT; };
		543F5C3513229E400062CEAD /* ofxTwitterStreamClientJSONThread.cpp */ = {isa = PBXFileReference; fileEncoding = 4; lastKnownFileType = sourcecode.cpp.cpp; name = ofxTwitterStreamClientJSONThread.cpp; path = ../../../../addons_diederick/ofxTwitterStream/src/ofxTwitterStreamClientJSONThread.cpp; sourceTree = SOURCE_ROOT; };
		543F5C3613229E400062CEAD /* ofxTwitterStreamClientJSONThread.h */ = {isa = PBXFileReference; fileEncoding = 4; lastKnownFileType = sourcecode.c.h; name = ofxTwitterStreamClientJSONThread.h; path = ../../../../addons_diederick/ofxTwitterStream/src/ofxTwitterStreamClientJSONThread.h; sourceTree = SOURCE_ROOT; };
		543F5C3713229E400062CEAD /* ofxTwitterStreamEventListener.cpp */ = {isa = PBXFileReference; fileEncoding = 4; lastKnownFileType = sourcecode.cpp.cpp; name = ofxTwitterStreamEventListener.cpp; path = ../../../../addons_diederick/ofxTwitterStream/src/ofxTwitterStreamEventListener.cpp; sourceTree = SOURCE_ROOT; };
		543F5C3813229E400062CEAD /* ofxTwitterStreamEventListener.h */ = {isa = PBXFileReference; fileEncoding = 4; lastKnownFileType = sourcecode.c.h; name = ofxTwitterStreamEventListener.h; path = ../../../../addons_diederick/ofxTwitterStream/src/ofxTwitterStreamEventListener.h; sourceTree = SOURCE_ROOT; };
		543F5C3913229E400062CEAD /* ofxTwitterStreamEventManager.cpp */ = {isa = PBXFileReference; fileEncoding = 4; lastKnownFileType = sourcecode.cpp.cpp; name = ofxTwitterStreamEventManager.cpp; path = ../../../../addons_diederick/ofxTwitterStream/src/ofxTwitterStreamEventManager.cpp; sourceTree = SOURCE_ROOT; };
		543F5C3A13229E400062CEAD /* ofxTwitterStreamEventManager.h */ = {isa = PBXFileReference; fileEncoding = 4; lastKnownFileType = sourcecode.c.h; name = ofxTwitterStreamEventManager.h; path = ../../../../addons_diederick/ofxTwitterStream/src/ofxTwitterStreamEventManager.h; sourceTree = SOURCE_ROOT; };
		543F5C3B13229E400062CEAD /* ofxTwitterStreamJSONParser.cpp */ = {isa = PBXFileReference; fileEncoding = 4; lastKnownFileType = sourcecode.cpp.cpp; name = ofxTwitterStreamJSONParser.cpp; path = ../../../../addons_diederick/ofxTwitterStream/src/ofxTwitterStreamJSONParser.cpp; sourceTree = SOURCE_ROOT; };
		543F5C3C13229E400062CEAD /* ofxTwitterStreamJSONParser.h */ = {isa = PBXFileReference; fileEncoding = 4; lastKnownFileType = sourcecode.c.h; name = ofxTwitterStreamJSONParser.h; path = ../../../../addons_diederick/ofxTwitterStream/src/ofxTwitterStreamJSONParser.h; sourceTree = SOURCE_ROOT; };
		543F5C3D13229E400062CEAD /* ofxTwitterStreamSQLiteListener.cpp */ = {isa = PBXFileReference; fileEncoding = 4; lastKnownFileType = sourcecode.cpp.cpp; name = ofxTwitterStreamSQLiteListener.cpp; path = ../../../../addons_diederick/ofxTwitterStream/src/ofxTwitterStreamSQLiteListener.cpp; sourceTree = SOURCE_ROOT; };
		543F5C3E13229E400062CEAD /* ofxTwitterStreamSQLiteListener.h */ = {isa = PBXFileReference; fileEncoding = 4; lastKnownFileType = sourcecode.c.h; name = ofxTwitterStreamSQLiteListener.h; path = ../../../../addons_diederick/ofxTwitterStream/src/ofxTwitterStreamSQLiteListener.h; sourceTree = SOURCE_ROOT; };
		543F5C3F13229E400062CEAD /* ofxTwitterStreamTweet.cpp */ = {isa = PBXFileReference; fileEncoding = 4; lastKnownFileType = sourcecode.cpp.cpp; name = ofxTwitterStreamTweet.cpp; path = ../../../../addons_diederick/ofxTwitterStream/src/ofxTwitterStreamTweet.cpp; sourceTree = SOURCE_ROOT; };
		543F5C4013229E400062CEAD /* ofxTwitterStreamTweet.h */ = {isa = PBXFileReference; fileEncoding = 4; lastKnownFileType = sourcecode.c.h; name = ofxTwitterStreamTweet.h; path = ../../../../addons_diederick/ofxTwitterStream/src/ofxTwitterStreamTweet.h; sourceTree = SOURCE_ROOT; };
		543F5C4113229E400062CEAD /* ofxTwitterStreamTweetRaw.h */ = {isa = PBXFileReference; fileEncoding = 4; lastKnownFileType = sourcecode.c.h; name = ofxTwitterStreamTweetRaw.h; path = ../../../../addons_diederick/ofxTwitterStream/src/ofxTwitterStreamTweetRaw.h; sourceTree = SOURCE_ROOT; };
		543F5C4D13229E550062CEAD /* config.h */ = {isa = PBXFileReference; fileEncoding = 4; lastKnownFileType = sourcecode.c.h; path = config.h; sourceTree = "<group>"; };
		543F5C4E13229E550062CEAD /* dump.c */ = {isa = PBXFileReference; fileEncoding = 4; lastKnownFileType = sourcecode.c.c; path = dump.c; sourceTree = "<group>"; };
		543F5C4F13229E550062CEAD /* hashtable.c */ = {isa = PBXFileReference; fileEncoding = 4; lastKnownFileType = sourcecode.c.c; path = hashtable.c; sourceTree = "<group>"; };
		543F5C5013229E550062CEAD /* hashtable.h */ = {isa = PBXFileReference; fileEncoding = 4; lastKnownFileType = sourcecode.c.h; path = hashtable.h; sourceTree = "<group>"; };
		543F5C5113229E550062CEAD /* jansson.h */ = {isa = PBXFileReference; fileEncoding = 4; lastKnownFileType = sourcecode.c.h; path = jansson.h; sourceTree = "<group>"; };
		543F5C5213229E550062CEAD /* jansson_private.h */ = {isa = PBXFileReference; fileEncoding = 4; lastKnownFileType = sourcecode.c.h; path = jansson_private.h; sourceTree = "<group>"; };
		543F5C5313229E550062CEAD /* load.c */ = {isa = PBXFileReference; fileEncoding = 4; lastKnownFileType = sourcecode.c.c; path = load.c; sourceTree = "<group>"; };
		543F5C5413229E550062CEAD /* strbuffer.c */ = {isa = PBXFileReference; fileEncoding = 4; lastKnownFileType = sourcecode.c.c; path = strbuffer.c; sourceTree = "<group>"; };
		543F5C5513229E550062CEAD /* strbuffer.h */ = {isa = PBXFileReference; fileEncoding = 4; lastKnownFileType = sourcecode.c.h; path = strbuffer.h; sourceTree = "<group>"; };
		543F5C5613229E550062CEAD /* utf.c */ = {isa = PBXFileReference; fileEncoding = 4; lastKnownFileType = sourcecode.c.c; path = utf.c; sourceTree = "<group>"; };
		543F5C5713229E550062CEAD /* utf.h */ = {isa = PBXFileReference; fileEncoding = 4; lastKnownFileType = sourcecode.c.h; path = utf.h; sourceTree = "<group>"; };
		543F5C5813229E550062CEAD /* util.h */ = {isa = PBXFileReference; fileEncoding = 4; lastKnownFileType = sourcecode.c.h; path = util.h; sourceTree = "<group>"; };
		543F5C5913229E550062CEAD /* value.c */ = {isa = PBXFileReference; fileEncoding = 4; lastKnownFileType = sourcecode.c.c; path = value.c; sourceTree = "<group>"; };
		543F5C5A13229E550062CEAD /* ofxJansson.cpp */ = {isa = PBXFileReference; fileEncoding = 4; lastKnownFileType = sourcecode.cpp.cpp; name = ofxJansson.cpp; path = ../../../../addons_diederick/ofxJansson/src/ofxJansson.cpp; sourceTree = SOURCE_ROOT; };
		543F5C5B13229E550062CEAD /* ofxJansson.h */ = {isa = PBXFileReference; fileEncoding = 4; lastKnownFileType = sourcecode.c.h; name = ofxJansson.h; path = ../../../../addons_diederick/ofxJansson/src/ofxJansson.h; sourceTree = SOURCE_ROOT; };
		543F5C6513229E6D0062CEAD /* libboost_filesystem-xgcc42-mt-1_43.a */ = {isa = PBXFileReference; lastKnownFileType = archive.ar; name = "libboost_filesystem-xgcc42-mt-1_43.a"; path = "../../../../addons_diederick/ofxBoost/lib/mac/libboost_filesystem-xgcc42-mt-1_43.a"; sourceTree = SOURCE_ROOT; };
		543F5C6613229E6D0062CEAD /* libboost_regex-xgcc42-mt-1_43.a */ = {isa = PBXFileReference; lastKnownFileType = archive.ar; name = "libboost_regex-xgcc42-mt-1_43.a"; path = "../../../../addons_diederick/ofxBoost/lib/mac/libboost_regex-xgcc42-mt-1_43.a"; sourceTree = SOURCE_ROOT; };
		543F5C6713229E6D0062CEAD /* libboost_system-xgcc42-mt-1_43.a */ = {isa = PBXFileReference; lastKnownFileType = archive.ar; name = "libboost_system-xgcc42-mt-1_43.a"; path = "../../../../addons_diederick/ofxBoost/lib/mac/libboost_system-xgcc42-mt-1_43.a"; sourceTree = SOURCE_ROOT; };
		543F5C6813229E6D0062CEAD /* libboost_thread-xgcc42-mt-1_43.a */ = {isa = PBXFileReference; lastKnownFileType = archive.ar; name = "libboost_thread-xgcc42-mt-1_43.a"; path = "../../../../addons_diederick/ofxBoost/lib/mac/libboost_thread-xgcc42-mt-1_43.a"; sourceTree = SOURCE_ROOT; };
		543F5C7013229E8A0062CEAD /* html.cpp */ = {isa = PBXFileReference; fileEncoding = 4; lastKnownFileType = sourcecode.cpp.cpp; path = html.cpp; sourceTree = "<group>"; };
		543F5C7113229E8A0062CEAD /* html.h */ = {isa = PBXFileReference; fileEncoding = 4; lastKnownFileType = sourcecode.c.h; path = html.h; sourceTree = "<group>"; };
		543F5C7413229E8A0062CEAD /* modp_b64.c */ = {isa = PBXFileReference; fileEncoding = 4; lastKnownFileType = sourcecode.c.c; path = modp_b64.c; sourceTree = "<group>"; };
		543F5C7513229E8A0062CEAD /* modp_b64.h */ = {isa = PBXFileReference; fileEncoding = 4; lastKnownFileType = sourcecode.c.h; path = modp_b64.h; sourceTree = "<group>"; };
		543F5C7613229E8A0062CEAD /* modp_b64_data.h */ = {isa = PBXFileReference; fileEncoding = 4; lastKnownFileType = sourcecode.c.h; path = modp_b64_data.h; sourceTree = "<group>"; };
		543F5C8313229EF50062CEAD /* sqlite3.c */ = {isa = PBXFileReference; fileEncoding = 4; lastKnownFileType = sourcecode.c.c; path = sqlite3.c; sourceTree = "<group>"; };
		543F5C8413229EF50062CEAD /* sqlite3.h */ = {isa = PBXFileReference; fileEncoding = 4; lastKnownFileType = sourcecode.c.h; path = sqlite3.h; sourceTree = "<group>"; };
		543F5C8513229EF50062CEAD /* sqlite3ext.h */ = {isa = PBXFileReference; fileEncoding = 4; lastKnownFileType = sourcecode.c.h; path = sqlite3ext.h; sourceTree = "<group>"; };
		543F5C8613229EF50062CEAD /* ofxSQLite.cpp */ = {isa = PBXFileReference; fileEncoding = 4; lastKnownFileType = sourcecode.cpp.cpp; path = ofxSQLite.cpp; sourceTree = "<group>"; };
		543F5C8713229EF50062CEAD /* ofxSQLite.h */ = {isa = PBXFileReference; fileEncoding = 4; lastKnownFileType = sourcecode.c.h; path = ofxSQLite.h; sourceTree = "<group>"; };
		543F5C8813229EF50062CEAD /* ofxSQLiteAbstract.cpp */ = {isa = PBXFileReference; fileEncoding = 4; lastKnownFileType = sourcecode.cpp.cpp; path = ofxSQLiteAbstract.cpp; sourceTree = "<group>"; };
		543F5C8913229EF50062CEAD /* ofxSQLiteAbstract.h */ = {isa = PBXFileReference; fileEncoding = 4; lastKnownFileType = sourcecode.c.h; path = ofxSQLiteAbstract.h; sourceTree = "<group>"; };
		543F5C8A13229EF50062CEAD /* ofxSQLiteDelete.cpp */ = {isa = PBXFileReference; fileEncoding = 4; lastKnownFileType = sourcecode.cpp.cpp; path = ofxSQLiteDelete.cpp; sourceTree = "<group>"; };
		543F5C8B13229EF50062CEAD /* ofxSQLiteDelete.h */ = {isa = PBXFileReference; fileEncoding = 4; lastKnownFileType = sourcecode.c.h; path = ofxSQLiteDelete.h; sourceTree = "<group>"; };
		543F5C8C13229EF50062CEAD /* ofxSQLiteFieldValues.cpp */ = {isa = PBXFileReference; fileEncoding = 4; lastKnownFileType = sourcecode.cpp.cpp; path = ofxSQLiteFieldValues.cpp; sourceTree = "<group>"; };
		543F5C8D13229EF50062CEAD /* ofxSQLiteFieldValues.h */ = {isa = PBXFileReference; fileEncoding = 4; lastKnownFileType = sourcecode.c.h; path = ofxSQLiteFieldValues.h; sourceTree = "<group>"; };
		543F5C8E13229EF50062CEAD /* ofxSQLiteHeaders.h */ = {isa = PBXFileReference; fileEncoding = 4; lastKnownFileType = sourcecode.c.h; path = ofxSQLiteHeaders.h; sourceTree = "<group>"; };
		543F5C8F13229EF50062CEAD /* ofxSQLiteInsert.cpp */ = {isa = PBXFileReference; fileEncoding = 4; lastKnownFileType = sourcecode.cpp.cpp; path = ofxSQLiteInsert.cpp; sourceTree = "<group>"; };
		543F5C9013229EF50062CEAD /* ofxSQLiteInsert.h */ = {isa = PBXFileReference; fileEncoding = 4; lastKnownFileType = sourcecode.c.h; path = ofxSQLiteInsert.h; sourceTree = "<group>"; };
		543F5C9113229EF50062CEAD /* ofxSQLiteSelect.cpp */ = {isa = PBXFileReference; fileEncoding = 4; lastKnownFileType = sourcecode.cpp.cpp; path = ofxSQLiteSelect.cpp; sourceTree = "<group>"; };
		543F5C9213229EF50062CEAD /* ofxSQLiteSelect.h */ = {isa = PBXFileReference; fileEncoding = 4; lastKnownFileType = sourcecode.c.h; path = ofxSQLiteSelect.h; sourceTree = "<group>"; };
		543F5C9313229EF50062CEAD /* ofxSQLiteType.h */ = {isa = PBXFileReference; fileEncoding = 4; lastKnownFileType = sourcecode.c.h; path = ofxSQLiteType.h; sourceTree = "<group>"; };
		543F5C9413229EF50062CEAD /* ofxSQLiteTypeNow.h */ = {isa = PBXFileReference; fileEncoding = 4; lastKnownFileType = sourcecode.c.h; path = ofxSQLiteTypeNow.h; sourceTree = "<group>"; };
		543F5C9513229EF50062CEAD /* ofxSQLiteUpdate.cpp */ = {isa = PBXFileReference; fileEncoding = 4; lastKnownFileType = sourcecode.cpp.cpp; path = ofxSQLiteUpdate.cpp; sourceTree = "<group>"; };
		543F5C9613229EF50062CEAD /* ofxSQLiteUpdate.h */ = {isa = PBXFileReference; fileEncoding = 4; lastKnownFileType = sourcecode.c.h; path = ofxSQLiteUpdate.h; sourceTree = "<group>"; };
		543F5C9713229EF50062CEAD /* ofxSQLiteWhere.h */ = {isa = PBXFileReference; fileEncoding = 4; lastKnownFileType = sourcecode.c.h; path = ofxSQLiteWhere.h; sourceTree = "<group>"; };
		E45BE9710E8CC7DD009D7055 /* AGL.framework */ = {isa = PBXFileReference; lastKnownFileType = wrapper.framework; name = AGL.framework; path = /System/Library/Frameworks/AGL.framework; sourceTree = "<absolute>"; };
		E45BE9720E8CC7DD009D7055 /* ApplicationServices.framework */ = {isa = PBXFileReference; lastKnownFileType = wrapper.framework; name = ApplicationServices.framework; path = /System/Library/Frameworks/ApplicationServices.framework; sourceTree = "<absolute>"; };
		E45BE9730E8CC7DD009D7055 /* AudioToolbox.framework */ = {isa = PBXFileReference; lastKnownFileType = wrapper.framework; name = AudioToolbox.framework; path = /System/Library/Frameworks/AudioToolbox.framework; sourceTree = "<absolute>"; };
		E45BE9740E8CC7DD009D7055 /* Carbon.framework */ = {isa = PBXFileReference; lastKnownFileType = wrapper.framework; name = Carbon.framework; path = /System/Library/Frameworks/Carbon.framework; sourceTree = "<absolute>"; };
		E45BE9750E8CC7DD009D7055 /* CoreAudio.framework */ = {isa = PBXFileReference; lastKnownFileType = wrapper.framework; name = CoreAudio.framework; path = /System/Library/Frameworks/CoreAudio.framework; sourceTree = "<absolute>"; };
		E45BE9760E8CC7DD009D7055 /* CoreFoundation.framework */ = {isa = PBXFileReference; lastKnownFileType = wrapper.framework; name = CoreFoundation.framework; path = /System/Library/Frameworks/CoreFoundation.framework; sourceTree = "<absolute>"; };
		E45BE9770E8CC7DD009D7055 /* CoreServices.framework */ = {isa = PBXFileReference; lastKnownFileType = wrapper.framework; name = CoreServices.framework; path = /System/Library/Frameworks/CoreServices.framework; sourceTree = "<absolute>"; };
		E45BE9790E8CC7DD009D7055 /* OpenGL.framework */ = {isa = PBXFileReference; lastKnownFileType = wrapper.framework; name = OpenGL.framework; path = /System/Library/Frameworks/OpenGL.framework; sourceTree = "<absolute>"; };
		E45BE97A0E8CC7DD009D7055 /* QuickTime.framework */ = {isa = PBXFileReference; lastKnownFileType = wrapper.framework; name = QuickTime.framework; path = /System/Library/Frameworks/QuickTime.framework; sourceTree = "<absolute>"; };
		E4B69B5B0A3A1756003C02F2 /* emptyExampleDebug.app */ = {isa = PBXFileReference; explicitFileType = wrapper.application; includeInIndex = 0; path = emptyExampleDebug.app; sourceTree = BUILT_PRODUCTS_DIR; };
		E4B69E1D0A3A1BDC003C02F2 /* main.cpp */ = {isa = PBXFileReference; fileEncoding = 30; lastKnownFileType = sourcecode.cpp.cpp; name = main.cpp; path = src/main.cpp; sourceTree = SOURCE_ROOT; };
		E4B69E1E0A3A1BDC003C02F2 /* testApp.cpp */ = {isa = PBXFileReference; explicitFileType = sourcecode.cpp.cpp; fileEncoding = 30; name = testApp.cpp; path = src/testApp.cpp; sourceTree = SOURCE_ROOT; };
		E4B69E1F0A3A1BDC003C02F2 /* testApp.h */ = {isa = PBXFileReference; fileEncoding = 30; lastKnownFileType = sourcecode.c.h; name = testApp.h; path = src/testApp.h; sourceTree = SOURCE_ROOT; };
		E4B6FCAD0C3E899E008CF71C /* openFrameworks-Info.plist */ = {isa = PBXFileReference; fileEncoding = 30; lastKnownFileType = text.plist.xml; path = "openFrameworks-Info.plist"; sourceTree = "<group>"; };
		E4C2421610CC549C004149E2 /* openFrameworksLib.xcodeproj */ = {isa = PBXFileReference; lastKnownFileType = "wrapper.pb-project"; name = openFrameworksLib.xcodeproj; path = ../../../libs/openFrameworksCompiled/project/osx/openFrameworksLib.xcodeproj; sourceTree = SOURCE_ROOT; };
		E4C2424410CC5A17004149E2 /* AppKit.framework */ = {isa = PBXFileReference; lastKnownFileType = wrapper.framework; name = AppKit.framework; path = /System/Library/Frameworks/AppKit.framework; sourceTree = "<absolute>"; };
		E4C2424510CC5A17004149E2 /* Cocoa.framework */ = {isa = PBXFileReference; lastKnownFileType = wrapper.framework; name = Cocoa.framework; path = /System/Library/Frameworks/Cocoa.framework; sourceTree = "<absolute>"; };
		E4C2424610CC5A17004149E2 /* IOKit.framework */ = {isa = PBXFileReference; lastKnownFileType = wrapper.framework; name = IOKit.framework; path = /System/Library/Frameworks/IOKit.framework; sourceTree = "<absolute>"; };
		E4C2425F10CC5A78004149E2 /* GLUT.framework */ = {isa = PBXFileReference; lastKnownFileType = wrapper.framework; name = GLUT.framework; path = ../../../libs/glut/lib/osx/GLUT.framework; sourceTree = SOURCE_ROOT; };
/* End PBXFileReference section */

/* Begin PBXFrameworksBuildPhase section */
		E4B69B590A3A1756003C02F2 /* Frameworks */ = {
			isa = PBXFrameworksBuildPhase;
			buildActionMask = 2147483647;
			files = (
				E4C2422B10CC554B004149E2 /* openFrameworksDebug.a in Frameworks */,
				E45BE97B0E8CC7DD009D7055 /* AGL.framework in Frameworks */,
				E45BE97C0E8CC7DD009D7055 /* ApplicationServices.framework in Frameworks */,
				E45BE97D0E8CC7DD009D7055 /* AudioToolbox.framework in Frameworks */,
				E45BE97E0E8CC7DD009D7055 /* Carbon.framework in Frameworks */,
				E45BE97F0E8CC7DD009D7055 /* CoreAudio.framework in Frameworks */,
				E45BE9800E8CC7DD009D7055 /* CoreFoundation.framework in Frameworks */,
				E45BE9810E8CC7DD009D7055 /* CoreServices.framework in Frameworks */,
				E45BE9830E8CC7DD009D7055 /* OpenGL.framework in Frameworks */,
				E45BE9840E8CC7DD009D7055 /* QuickTime.framework in Frameworks */,
				E4C2424710CC5A17004149E2 /* AppKit.framework in Frameworks */,
				E4C2424810CC5A17004149E2 /* Cocoa.framework in Frameworks */,
				E4C2424910CC5A17004149E2 /* IOKit.framework in Frameworks */,
				E4C2426610CC5A78004149E2 /* GLUT.framework in Frameworks */,
				543F5C6913229E6D0062CEAD /* libboost_filesystem-xgcc42-mt-1_43.a in Frameworks */,
				543F5C6A13229E6D0062CEAD /* libboost_regex-xgcc42-mt-1_43.a in Frameworks */,
				543F5C6B13229E6E0062CEAD /* libboost_system-xgcc42-mt-1_43.a in Frameworks */,
				543F5C6C13229E6E0062CEAD /* libboost_thread-xgcc42-mt-1_43.a in Frameworks */,
			);
			runOnlyForDeploymentPostprocessing = 0;
		};
/* End PBXFrameworksBuildPhase section */

/* Begin PBXGroup section */
		543F5C2613229E120062CEAD /* ofxTwitterStream */ = {
			isa = PBXGroup;
			children = (
				543F5C3113229E400062CEAD /* ofxTwitterStream.h */,
				543F5C3213229E400062CEAD /* ofxTwitterStreamClient.cpp */,
				543F5C3313229E400062CEAD /* ofxTwitterStreamClient.h */,
				543F5C3413229E400062CEAD /* ofxTwitterStreamClientJSON.h */,
				543F5C3513229E400062CEAD /* ofxTwitterStreamClientJSONThread.cpp */,
				543F5C3613229E400062CEAD /* ofxTwitterStreamClientJSONThread.h */,
				543F5C3713229E400062CEAD /* ofxTwitterStreamEventListener.cpp */,
				543F5C3813229E400062CEAD /* ofxTwitterStreamEventListener.h */,
				543F5C3913229E400062CEAD /* ofxTwitterStreamEventManager.cpp */,
				543F5C3A13229E400062CEAD /* ofxTwitterStreamEventManager.h */,
				543F5C3B13229E400062CEAD /* ofxTwitterStreamJSONParser.cpp */,
				543F5C3C13229E400062CEAD /* ofxTwitterStreamJSONParser.h */,
				543F5C3D13229E400062CEAD /* ofxTwitterStreamSQLiteListener.cpp */,
				543F5C3E13229E400062CEAD /* ofxTwitterStreamSQLiteListener.h */,
				543F5C3F13229E400062CEAD /* ofxTwitterStreamTweet.cpp */,
				543F5C4013229E400062CEAD /* ofxTwitterStreamTweet.h */,
				543F5C4113229E400062CEAD /* ofxTwitterStreamTweetRaw.h */,
			);
			name = ofxTwitterStream;
			sourceTree = "<group>";
		};
		543F5C4913229E440062CEAD /* ofxJansson */ = {
			isa = PBXGroup;
			children = (
				543F5C4B13229E550062CEAD /* lib */,
				543F5C5A13229E550062CEAD /* ofxJansson.cpp */,
				543F5C5B13229E550062CEAD /* ofxJansson.h */,
			);
			name = ofxJansson;
			sourceTree = "<group>";
		};
		543F5C4B13229E550062CEAD /* lib */ = {
			isa = PBXGroup;
			children = (
				543F5C4C13229E550062CEAD /* jansson */,
			);
			name = lib;
			path = ../../../../addons_diederick/ofxJansson/src/lib;
			sourceTree = SOURCE_ROOT;
		};
		543F5C4C13229E550062CEAD /* jansson */ = {
			isa = PBXGroup;
			children = (
				543F5C4D13229E550062CEAD /* config.h */,
				543F5C4E13229E550062CEAD /* dump.c */,
				543F5C4F13229E550062CEAD /* hashtable.c */,
				543F5C5013229E550062CEAD /* hashtable.h */,
				543F5C5113229E550062CEAD /* jansson.h */,
				543F5C5213229E550062CEAD /* jansson_private.h */,
				543F5C5313229E550062CEAD /* load.c */,
				543F5C5413229E550062CEAD /* strbuffer.c */,
				543F5C5513229E550062CEAD /* strbuffer.h */,
				543F5C5613229E550062CEAD /* utf.c */,
				543F5C5713229E550062CEAD /* utf.h */,
				543F5C5813229E550062CEAD /* util.h */,
				543F5C5913229E550062CEAD /* value.c */,
			);
			path = jansson;
			sourceTree = "<group>";
		};
		543F5C6313229E640062CEAD /* ofxBoost */ = {
			isa = PBXGroup;
			children = (
				543F5C6513229E6D0062CEAD /* libboost_filesystem-xgcc42-mt-1_43.a */,
				543F5C6613229E6D0062CEAD /* libboost_regex-xgcc42-mt-1_43.a */,
				543F5C6713229E6D0062CEAD /* libboost_system-xgcc42-mt-1_43.a */,
				543F5C6813229E6D0062CEAD /* libboost_thread-xgcc42-mt-1_43.a */,
			);
			name = ofxBoost;
			sourceTree = "<group>";
		};
		543F5C6D13229E800062CEAD /* ofxStringEncoders */ = {
			isa = PBXGroup;
			children = (
				543F5C6F13229E8A0062CEAD /* src */,
			);
			name = ofxStringEncoders;
			sourceTree = "<group>";
		};
		543F5C6F13229E8A0062CEAD /* src */ = {
			isa = PBXGroup;
			children = (
				543F5C7013229E8A0062CEAD /* html.cpp */,
				543F5C7113229E8A0062CEAD /* html.h */,
				543F5C7213229E8A0062CEAD /* lib */,
			);
			name = src;
			path = ../../../../addons_diederick/ofxStringEncoders/src;
			sourceTree = SOURCE_ROOT;
		};
		543F5C7213229E8A0062CEAD /* lib */ = {
			isa = PBXGroup;
			children = (
				543F5C7313229E8A0062CEAD /* stringencoders */,
			);
			path = lib;
			sourceTree = "<group>";
		};
		543F5C7313229E8A0062CEAD /* stringencoders */ = {
			isa = PBXGroup;
			children = (
				543F5C7413229E8A0062CEAD /* modp_b64.c */,
				543F5C7513229E8A0062CEAD /* modp_b64.h */,
				543F5C7613229E8A0062CEAD /* modp_b64_data.h */,
			);
			path = stringencoders;
			sourceTree = "<group>";
		};
		543F5C7C13229EE90062CEAD /* ofxSQLite */ = {
			isa = PBXGroup;
			children = (
				543F5C8013229EF50062CEAD /* src */,
			);
			name = ofxSQLite;
			sourceTree = "<group>";
		};
		543F5C8013229EF50062CEAD /* src */ = {
			isa = PBXGroup;
			children = (
				543F5C8113229EF50062CEAD /* lib */,
				543F5C8613229EF50062CEAD /* ofxSQLite.cpp */,
				543F5C8713229EF50062CEAD /* ofxSQLite.h */,
				543F5C8813229EF50062CEAD /* ofxSQLiteAbstract.cpp */,
				543F5C8913229EF50062CEAD /* ofxSQLiteAbstract.h */,
				543F5C8A13229EF50062CEAD /* ofxSQLiteDelete.cpp */,
				543F5C8B13229EF50062CEAD /* ofxSQLiteDelete.h */,
				543F5C8C13229EF50062CEAD /* ofxSQLiteFieldValues.cpp */,
				543F5C8D13229EF50062CEAD /* ofxSQLiteFieldValues.h */,
				543F5C8E13229EF50062CEAD /* ofxSQLiteHeaders.h */,
				543F5C8F13229EF50062CEAD /* ofxSQLiteInsert.cpp */,
				543F5C9013229EF50062CEAD /* ofxSQLiteInsert.h */,
				543F5C9113229EF50062CEAD /* ofxSQLiteSelect.cpp */,
				543F5C9213229EF50062CEAD /* ofxSQLiteSelect.h */,
				543F5C9313229EF50062CEAD /* ofxSQLiteType.h */,
				543F5C9413229EF50062CEAD /* ofxSQLiteTypeNow.h */,
				543F5C9513229EF50062CEAD /* ofxSQLiteUpdate.cpp */,
				543F5C9613229EF50062CEAD /* ofxSQLiteUpdate.h */,
				543F5C9713229EF50062CEAD /* ofxSQLiteWhere.h */,
			);
			name = src;
			path = ../../../../addons_diederick/ofxSQLite/src;
			sourceTree = SOURCE_ROOT;
		};
		543F5C8113229EF50062CEAD /* lib */ = {
			isa = PBXGroup;
			children = (
				543F5C8213229EF50062CEAD /* sqlite */,
			);
			path = lib;
			sourceTree = "<group>";
		};
		543F5C8213229EF50062CEAD /* sqlite */ = {
			isa = PBXGroup;
			children = (
				543F5C8313229EF50062CEAD /* sqlite3.c */,
				543F5C8413229EF50062CEAD /* sqlite3.h */,
				543F5C8513229EF50062CEAD /* sqlite3ext.h */,
			);
			path = sqlite;
			sourceTree = "<group>";
		};
		BB4B014C10F69532006C3DED /* addons */ = {
			isa = PBXGroup;
			children = (
				543F5C7C13229EE90062CEAD /* ofxSQLite */,
				543F5C6D13229E800062CEAD /* ofxStringEncoders */,
				543F5C6313229E640062CEAD /* ofxBoost */,
				543F5C4913229E440062CEAD /* ofxJansson */,
				543F5C2613229E120062CEAD /* ofxTwitterStream */,
			);
			name = addons;
			sourceTree = "<group>";
		};
		E45BE5980E8CC70C009D7055 /* frameworks */ = {
			isa = PBXGroup;
			children = (
				E4C2425F10CC5A78004149E2 /* GLUT.framework */,
				E4C2424410CC5A17004149E2 /* AppKit.framework */,
				E4C2424510CC5A17004149E2 /* Cocoa.framework */,
				E4C2424610CC5A17004149E2 /* IOKit.framework */,
				E45BE9710E8CC7DD009D7055 /* AGL.framework */,
				E45BE9720E8CC7DD009D7055 /* ApplicationServices.framework */,
				E45BE9730E8CC7DD009D7055 /* AudioToolbox.framework */,
				E45BE9740E8CC7DD009D7055 /* Carbon.framework */,
				E45BE9750E8CC7DD009D7055 /* CoreAudio.framework */,
				E45BE9760E8CC7DD009D7055 /* CoreFoundation.framework */,
				E45BE9770E8CC7DD009D7055 /* CoreServices.framework */,
				E45BE9790E8CC7DD009D7055 /* OpenGL.framework */,
				E45BE97A0E8CC7DD009D7055 /* QuickTime.framework */,
			);
			name = frameworks;
			sourceTree = "<group>";
		};
		E4B69B4A0A3A1720003C02F2 = {
			isa = PBXGroup;
			children = (
				E4B6FCAD0C3E899E008CF71C /* openFrameworks-Info.plist */,
				E4B69B5B0A3A1756003C02F2 /* emptyExampleDebug.app */,
				E4B69E1C0A3A1BDC003C02F2 /* src */,
				E4C2422310CC54B6004149E2 /* openFrameworks */,
				BB4B014C10F69532006C3DED /* addons */,
				E45BE5980E8CC70C009D7055 /* frameworks */,
			);
			sourceTree = "<group>";
		};
		E4B69E1C0A3A1BDC003C02F2 /* src */ = {
			isa = PBXGroup;
			children = (
				E4B69E1D0A3A1BDC003C02F2 /* main.cpp */,
				E4B69E1E0A3A1BDC003C02F2 /* testApp.cpp */,
				E4B69E1F0A3A1BDC003C02F2 /* testApp.h */,
			);
			path = src;
			sourceTree = SOURCE_ROOT;
		};
		E4C2421710CC549C004149E2 /* Products */ = {
			isa = PBXGroup;
			children = (
				E4C2421E10CC549C004149E2 /* openFrameworksDebug.a */,
			);
			name = Products;
			sourceTree = "<group>";
		};
		E4C2422310CC54B6004149E2 /* openFrameworks */ = {
			isa = PBXGroup;
			children = (
				E4C2421610CC549C004149E2 /* openFrameworksLib.xcodeproj */,
			);
			name = openFrameworks;
			sourceTree = "<group>";
		};
/* End PBXGroup section */

/* Begin PBXNativeTarget section */
		E4B69B5A0A3A1756003C02F2 /* emptyExample */ = {
			isa = PBXNativeTarget;
			buildConfigurationList = E4B69B5F0A3A1757003C02F2 /* Build configuration list for PBXNativeTarget "emptyExample" */;
			buildPhases = (
				E4B69B580A3A1756003C02F2 /* Sources */,
				E4B69B590A3A1756003C02F2 /* Frameworks */,
				E4B6FFFD0C3F9AB9008CF71C /* ShellScript */,
				E4C2427710CC5ABF004149E2 /* CopyFiles */,
			);
			buildRules = (
			);
			dependencies = (
				E4C2422810CC54DA004149E2 /* PBXTargetDependency */,
			);
			name = emptyExample;
			productName = myOFApp;
			productReference = E4B69B5B0A3A1756003C02F2 /* emptyExampleDebug.app */;
			productType = "com.apple.product-type.application";
		};
/* End PBXNativeTarget section */

/* Begin PBXProject section */
		E4B69B4C0A3A1720003C02F2 /* Project object */ = {
			isa = PBXProject;
			buildConfigurationList = E4B69B4D0A3A1720003C02F2 /* Build configuration list for PBXProject "ofxTwitterStreamExample" */;
			compatibilityVersion = "Xcode 2.4";
			hasScannedForEncodings = 0;
			knownRegions = (
				English,
				Japanese,
				French,
				German,
			);
			mainGroup = E4B69B4A0A3A1720003C02F2;
			productRefGroup = E4B69B4A0A3A1720003C02F2;
			projectDirPath = "";
			projectReferences = (
				{
					ProductGroup = E4C2421710CC549C004149E2 /* Products */;
					ProjectRef = E4C2421610CC549C004149E2 /* openFrameworksLib.xcodeproj */;
				},
			);
			projectRoot = "";
			targets = (
				E4B69B5A0A3A1756003C02F2 /* emptyExample */,
			);
		};
/* End PBXProject section */

/* Begin PBXReferenceProxy section */
		E4C2421E10CC549C004149E2 /* openFrameworksDebug.a */ = {
			isa = PBXReferenceProxy;
			fileType = archive.ar;
			path = openFrameworksDebug.a;
			remoteRef = E4C2421D10CC549C004149E2 /* PBXContainerItemProxy */;
			sourceTree = BUILT_PRODUCTS_DIR;
		};
/* End PBXReferenceProxy section */

/* Begin PBXShellScriptBuildPhase section */
		E4B6FFFD0C3F9AB9008CF71C /* ShellScript */ = {
			isa = PBXShellScriptBuildPhase;
			buildActionMask = 2147483647;
			files = (
			);
			inputPaths = (
			);
			outputPaths = (
			);
			runOnlyForDeploymentPostprocessing = 0;
			shellPath = /bin/sh;
			shellScript = "cp -f ../../../libs/fmodex/lib/osx/libfmodex.dylib \"$TARGET_BUILD_DIR/$PRODUCT_NAME.app/Contents/MacOS/libfmodex.dylib\"\ninstall_name_tool -change ./libfmodex.dylib @executable_path/libfmodex.dylib \"$TARGET_BUILD_DIR/$PRODUCT_NAME.app/Contents/MacOS/$PRODUCT_NAME\" ";
		};
/* End PBXShellScriptBuildPhase section */

/* Begin PBXSourcesBuildPhase section */
		E4B69B580A3A1756003C02F2 /* Sources */ = {
			isa = PBXSourcesBuildPhase;
			buildActionMask = 2147483647;
			files = (
				E4B69E200A3A1BDC003C02F2 /* main.cpp in Sources */,
				E4B69E210A3A1BDC003C02F2 /* testApp.cpp in Sources */,
				543F5C4213229E400062CEAD /* ofxTwitterStreamClient.cpp in Sources */,
				543F5C4313229E400062CEAD /* ofxTwitterStreamClientJSONThread.cpp in Sources */,
				543F5C4413229E400062CEAD /* ofxTwitterStreamEventListener.cpp in Sources */,
				543F5C4513229E400062CEAD /* ofxTwitterStreamEventManager.cpp in Sources */,
				543F5C4613229E400062CEAD /* ofxTwitterStreamJSONParser.cpp in Sources */,
				543F5C4713229E400062CEAD /* ofxTwitterStreamSQLiteListener.cpp in Sources */,
				543F5C4813229E400062CEAD /* ofxTwitterStreamTweet.cpp in Sources */,
				543F5C5C13229E550062CEAD /* dump.c in Sources */,
				543F5C5D13229E550062CEAD /* hashtable.c in Sources */,
				543F5C5E13229E550062CEAD /* load.c in Sources */,
				543F5C5F13229E550062CEAD /* strbuffer.c in Sources */,
				543F5C6013229E550062CEAD /* utf.c in Sources */,
				543F5C6113229E550062CEAD /* value.c in Sources */,
				543F5C6213229E550062CEAD /* ofxJansson.cpp in Sources */,
				543F5C7713229E8A0062CEAD /* html.cpp in Sources */,
				543F5C7813229E8A0062CEAD /* modp_b64.c in Sources */,
				543F5C9813229EF50062CEAD /* sqlite3.c in Sources */,
				543F5C9913229EF50062CEAD /* ofxSQLite.cpp in Sources */,
				543F5C9A13229EF50062CEAD /* ofxSQLiteAbstract.cpp in Sources */,
				543F5C9B13229EF50062CEAD /* ofxSQLiteDelete.cpp in Sources */,
				543F5C9C13229EF50062CEAD /* ofxSQLiteFieldValues.cpp in Sources */,
				543F5C9D13229EF50062CEAD /* ofxSQLiteInsert.cpp in Sources */,
				543F5C9E13229EF50062CEAD /* ofxSQLiteSelect.cpp in Sources */,
				543F5C9F13229EF50062CEAD /* ofxSQLiteUpdate.cpp in Sources */,
			);
			runOnlyForDeploymentPostprocessing = 0;
		};
/* End PBXSourcesBuildPhase section */

/* Begin PBXTargetDependency section */
		E4C2422810CC54DA004149E2 /* PBXTargetDependency */ = {
			isa = PBXTargetDependency;
			name = openFrameworks;
			targetProxy = E4C2422710CC54DA004149E2 /* PBXContainerItemProxy */;
		};
/* End PBXTargetDependency section */

/* Begin XCBuildConfiguration section */
		E4B69B4E0A3A1720003C02F2 /* Debug */ = {
			isa = XCBuildConfiguration;
			buildSettings = {
				ARCHS = "$(NATIVE_ARCH)";
				CONFIGURATION_BUILD_DIR = "$(SRCROOT)/bin/";
				COPY_PHASE_STRIP = NO;
				DEAD_CODE_STRIPPING = YES;
				GCC_AUTO_VECTORIZATION = YES;
				GCC_ENABLE_SSE3_EXTENSIONS = YES;
				GCC_ENABLE_SUPPLEMENTAL_SSE3_INSTRUCTIONS = YES;
				GCC_INLINES_ARE_PRIVATE_EXTERN = NO;
				GCC_MODEL_TUNING = G5;
				GCC_SYMBOLS_PRIVATE_EXTERN = NO;
				GCC_WARN_ABOUT_DEPRECATED_FUNCTIONS = NO;
				GCC_WARN_ABOUT_INVALID_OFFSETOF_MACRO = NO;
				GCC_WARN_ALLOW_INCOMPLETE_PROTOCOL = NO;
				GCC_WARN_UNINITIALIZED_AUTOS = NO;
				GCC_WARN_UNUSED_VALUE = NO;
				GCC_WARN_UNUSED_VARIABLE = NO;
				HEADER_SEARCH_PATHS = (
					../../../../addons_diederick/ofxBoost/src/lib,
					"../../../libs/openFrameworks/**",
					../../../libs/freetype/include/,
					../../../libs/freetype/include/freetype2,
					../../../libs/poco/include,
					../../../addons/,
					"../../../libs/glew/include/GL/**",
					"../../../libs/assimp/include/**",
					"../../../libs/fmodex/include/**",
					"../../../libs/freeimage/include/**",
				);
				OTHER_CPLUSPLUSFLAGS = (
					"-D__MACOSX_CORE__",
					"-lpthread",
				);
				OTHER_LDFLAGS = (
					"$(OTHER_LDFLAGS_QUOTED_FOR_PROJECT_1)",
					"$(OTHER_LDFLAGS_QUOTED_FOR_PROJECT_2)",
					"$(OTHER_LDFLAGS_QUOTED_FOR_PROJECT_3)",
					"$(OTHER_LDFLAGS_QUOTED_FOR_PROJECT_4)",
					"$(OTHER_LDFLAGS_QUOTED_FOR_PROJECT_5)",
					"$(OTHER_LDFLAGS_QUOTED_FOR_PROJECT_6)",
					"$(OTHER_LDFLAGS_QUOTED_FOR_PROJECT_7)",
					"$(OTHER_LDFLAGS_QUOTED_FOR_PROJECT_8)",
					"$(OTHER_LDFLAGS_QUOTED_FOR_PROJECT_9)",
					"$(OTHER_LDFLAGS_QUOTED_FOR_PROJECT_9)",
					"$(OTHER_LDFLAGS_QUOTED_FOR_PROJECT_10)",
				);
				OTHER_LDFLAGS_QUOTED_FOR_PROJECT_1 = "\"../../../libs/poco/lib/osx/PocoUtil.a\"";
				OTHER_LDFLAGS_QUOTED_FOR_PROJECT_10 = "\"../../../libs/assimp/lib/osx/assimp.a\"";
				OTHER_LDFLAGS_QUOTED_FOR_PROJECT_2 = "\"../../../libs/poco/lib/osx/PocoXML.a\"";
				OTHER_LDFLAGS_QUOTED_FOR_PROJECT_3 = "\"../../../libs/poco/lib/osx/PocoFoundation.a\"";
				OTHER_LDFLAGS_QUOTED_FOR_PROJECT_4 = "\"../../../libs/poco/lib/osx/PocoNet.a\"";
				OTHER_LDFLAGS_QUOTED_FOR_PROJECT_5 = "\"../../../libs/rtAudio/lib/osx/rtAudio.a\"";
				OTHER_LDFLAGS_QUOTED_FOR_PROJECT_6 = "\"../../../libs/freetype/lib/osx/freetype.a\"";
				OTHER_LDFLAGS_QUOTED_FOR_PROJECT_7 = "\"../../../libs/FreeImage/lib/osx/freeimage.a\"";
				OTHER_LDFLAGS_QUOTED_FOR_PROJECT_8 = "\"../../../libs/fmodex/lib/osx/libfmodex.dylib\"";
				OTHER_LDFLAGS_QUOTED_FOR_PROJECT_9 = "\"../../../libs/glew/lib/osx/glew.a\"";
			};
			name = Debug;
		};
		E4B69B4F0A3A1720003C02F2 /* Release */ = {
			isa = XCBuildConfiguration;
			buildSettings = {
				ARCHS = "$(NATIVE_ARCH)";
				CONFIGURATION_BUILD_DIR = "$(SRCROOT)/bin/";
				COPY_PHASE_STRIP = YES;
				DEAD_CODE_STRIPPING = YES;
				GCC_AUTO_VECTORIZATION = YES;
				GCC_ENABLE_SSE3_EXTENSIONS = YES;
				GCC_ENABLE_SUPPLEMENTAL_SSE3_INSTRUCTIONS = YES;
				GCC_INLINES_ARE_PRIVATE_EXTERN = NO;
				GCC_MODEL_TUNING = G5;
				GCC_OPTIMIZATION_LEVEL = 3;
				GCC_SYMBOLS_PRIVATE_EXTERN = NO;
				GCC_UNROLL_LOOPS = YES;
				GCC_WARN_ABOUT_DEPRECATED_FUNCTIONS = NO;
				GCC_WARN_ABOUT_INVALID_OFFSETOF_MACRO = NO;
				GCC_WARN_ALLOW_INCOMPLETE_PROTOCOL = NO;
				GCC_WARN_UNINITIALIZED_AUTOS = NO;
				GCC_WARN_UNUSED_VALUE = NO;
				GCC_WARN_UNUSED_VARIABLE = NO;
				HEADER_SEARCH_PATHS = (
					"../../../libs/openFrameworks/**",
					../../../libs/freetype/include/,
					../../../libs/freetype/include/freetype2,
					../../../libs/poco/include,
					../../../addons/,
					"../../../libs/glew/include/GL/**",
					"../../../libs/assimp/include/**",
					"../../../libs/fmodex/include/**",
					"../../../libs/freeimage/include/**",
				);
				OTHER_CPLUSPLUSFLAGS = (
					"-D__MACOSX_CORE__",
					"-lpthread",
				);
				OTHER_LDFLAGS = (
					"$(OTHER_LDFLAGS_QUOTED_FOR_PROJECT_1)",
					"$(OTHER_LDFLAGS_QUOTED_FOR_PROJECT_2)",
					"$(OTHER_LDFLAGS_QUOTED_FOR_PROJECT_3)",
					"$(OTHER_LDFLAGS_QUOTED_FOR_PROJECT_4)",
					"$(OTHER_LDFLAGS_QUOTED_FOR_PROJECT_5)",
					"$(OTHER_LDFLAGS_QUOTED_FOR_PROJECT_6)",
					"$(OTHER_LDFLAGS_QUOTED_FOR_PROJECT_7)",
					"$(OTHER_LDFLAGS_QUOTED_FOR_PROJECT_8)",
					"$(OTHER_LDFLAGS_QUOTED_FOR_PROJECT_9)",
					"$(OTHER_LDFLAGS_QUOTED_FOR_PROJECT_9)",
					"$(OTHER_LDFLAGS_QUOTED_FOR_PROJECT_10)",
				);
				OTHER_LDFLAGS_QUOTED_FOR_PROJECT_1 = "\"../../../libs/poco/lib/osx/PocoUtil.a\"";
				OTHER_LDFLAGS_QUOTED_FOR_PROJECT_10 = "\"../../../libs/assimp/lib/osx/assimp.a\"";
				OTHER_LDFLAGS_QUOTED_FOR_PROJECT_2 = "\"../../../libs/poco/lib/osx/PocoXML.a\"";
				OTHER_LDFLAGS_QUOTED_FOR_PROJECT_3 = "\"../../../libs/poco/lib/osx/PocoFoundation.a\"";
				OTHER_LDFLAGS_QUOTED_FOR_PROJECT_4 = "\"../../../libs/poco/lib/osx/PocoNet.a\"";
				OTHER_LDFLAGS_QUOTED_FOR_PROJECT_5 = "\"../../../libs/rtAudio/lib/osx/rtAudio.a\"";
				OTHER_LDFLAGS_QUOTED_FOR_PROJECT_6 = "\"../../../libs/freetype/lib/osx/freetype.a\"";
				OTHER_LDFLAGS_QUOTED_FOR_PROJECT_7 = "\"../../../libs/FreeImage/lib/osx/freeimage.a\"";
				OTHER_LDFLAGS_QUOTED_FOR_PROJECT_8 = "\"../../../libs/fmodex/lib/osx/libfmodex.dylib\"";
				OTHER_LDFLAGS_QUOTED_FOR_PROJECT_9 = "\"../../../libs/glew/lib/osx/glew.a\"";
			};
			name = Release;
		};
		E4B69B600A3A1757003C02F2 /* Debug */ = {
			isa = XCBuildConfiguration;
			buildSettings = {
				COPY_PHASE_STRIP = NO;
				FRAMEWORK_SEARCH_PATHS = (
					"$(inherited)",
					"$(FRAMEWORK_SEARCH_PATHS_QUOTED_FOR_TARGET_1)",
				);
				FRAMEWORK_SEARCH_PATHS_QUOTED_FOR_TARGET_1 = "\"$(SRCROOT)/../../../libs/glut/lib/osx\"";
				GCC_DYNAMIC_NO_PIC = NO;
				GCC_ENABLE_FIX_AND_CONTINUE = YES;
				GCC_GENERATE_DEBUGGING_SYMBOLS = YES;
				GCC_MODEL_TUNING = G4;
				GCC_OPTIMIZATION_LEVEL = 0;
				GCC_PRECOMPILE_PREFIX_HEADER = YES;
				GCC_PREFIX_HEADER = "$(SYSTEM_LIBRARY_DIR)/Frameworks/Carbon.framework/Headers/Carbon.h";
				INFOPLIST_FILE = "openFrameworks-Info.plist";
				INSTALL_PATH = "$(HOME)/Applications";
				LIBRARY_SEARCH_PATHS = (
					"$(inherited)",
					"$(LIBRARY_SEARCH_PATHS_QUOTED_FOR_TARGET_1)",
					"$(LIBRARY_SEARCH_PATHS_QUOTED_FOR_TARGET_2)",
					"$(LIBRARY_SEARCH_PATHS_QUOTED_FOR_TARGET_3)",
					"$(LIBRARY_SEARCH_PATHS_QUOTED_FOR_TARGET_4)",
					"$(LIBRARY_SEARCH_PATHS_QUOTED_FOR_TARGET_5)",
					"$(LIBRARY_SEARCH_PATHS_QUOTED_FOR_TARGET_6)",
					"$(LIBRARY_SEARCH_PATHS_QUOTED_FOR_TARGET_7)",
					"$(LIBRARY_SEARCH_PATHS_QUOTED_FOR_TARGET_8)",
					"$(LIBRARY_SEARCH_PATHS_QUOTED_FOR_TARGET_9)",
					"$(LIBRARY_SEARCH_PATHS_QUOTED_FOR_TARGET_10)",
					"$(LIBRARY_SEARCH_PATHS_QUOTED_FOR_TARGET_11)",
					"$(LIBRARY_SEARCH_PATHS_QUOTED_FOR_TARGET_12)",
					"$(LIBRARY_SEARCH_PATHS_QUOTED_FOR_TARGET_13)",
					"$(LIBRARY_SEARCH_PATHS_QUOTED_FOR_TARGET_14)",
					"$(LIBRARY_SEARCH_PATHS_QUOTED_FOR_TARGET_15)",
					"$(LIBRARY_SEARCH_PATHS_QUOTED_FOR_TARGET_2)",
					"$(LIBRARY_SEARCH_PATHS_QUOTED_FOR_TARGET_3)",
					"$(LIBRARY_SEARCH_PATHS_QUOTED_FOR_TARGET_7)",
					"$(LIBRARY_SEARCH_PATHS_QUOTED_FOR_TARGET_8)",
				);
				LIBRARY_SEARCH_PATHS_QUOTED_FOR_TARGET_1 = "\"$(SRCROOT)/../../../libs/freeimage/lib/osx\"";
				LIBRARY_SEARCH_PATHS_QUOTED_FOR_TARGET_14 = "\"$(SRCROOT)/../../../libs/fmodex/lib/osx\"";
				LIBRARY_SEARCH_PATHS_QUOTED_FOR_TARGET_15 = "\"$(SRCROOT)/../../../libs/freetype/lib/osx\"";
				LIBRARY_SEARCH_PATHS_QUOTED_FOR_TARGET_2 = "\"$(SRCROOT)/../../../libs/FreeImage/lib/osx\"";
				LIBRARY_SEARCH_PATHS_QUOTED_FOR_TARGET_3 = "\"$(SRCROOT)/../../../libs/glew/libs/osx\"";
				LIBRARY_SEARCH_PATHS_QUOTED_FOR_TARGET_4 = "";
				LIBRARY_SEARCH_PATHS_QUOTED_FOR_TARGET_5 = "\"$(SRCROOT)/../../../libs/poco/lib/osx\"";
				LIBRARY_SEARCH_PATHS_QUOTED_FOR_TARGET_6 = "\"$(SRCROOT)/../../../libs/rtAudio/lib/osx\"";
				LIBRARY_SEARCH_PATHS_QUOTED_FOR_TARGET_7 = "\"$(SRCROOT)/../../../libs/glew/libs/osx\"";
				LIBRARY_SEARCH_PATHS_QUOTED_FOR_TARGET_8 = "\"$(SRCROOT)/../../../../addons_diederick/ofxBoost/lib/mac\"";
				PREBINDING = NO;
				PRODUCT_NAME = "$(TARGET_NAME)Debug";
				WRAPPER_EXTENSION = app;
				ZERO_LINK = NO;
			};
			name = Debug;
		};
		E4B69B610A3A1757003C02F2 /* Release */ = {
			isa = XCBuildConfiguration;
			buildSettings = {
				COPY_PHASE_STRIP = YES;
				FRAMEWORK_SEARCH_PATHS = (
					"$(inherited)",
					"$(FRAMEWORK_SEARCH_PATHS_QUOTED_FOR_TARGET_1)",
				);
				FRAMEWORK_SEARCH_PATHS_QUOTED_FOR_TARGET_1 = "\"$(SRCROOT)/../../../libs/glut/lib/osx\"";
				GCC_ENABLE_FIX_AND_CONTINUE = NO;
				GCC_GENERATE_DEBUGGING_SYMBOLS = NO;
				GCC_MODEL_TUNING = G4;
				GCC_PRECOMPILE_PREFIX_HEADER = YES;
				GCC_PREFIX_HEADER = "$(SYSTEM_LIBRARY_DIR)/Frameworks/Carbon.framework/Headers/Carbon.h";
				INFOPLIST_FILE = "openFrameworks-Info.plist";
				INSTALL_PATH = "$(HOME)/Applications";
				LIBRARY_SEARCH_PATHS = (
					"$(inherited)",
					"$(LIBRARY_SEARCH_PATHS_QUOTED_FOR_TARGET_1)",
					"$(LIBRARY_SEARCH_PATHS_QUOTED_FOR_TARGET_2)",
					"$(LIBRARY_SEARCH_PATHS_QUOTED_FOR_TARGET_3)",
					"$(LIBRARY_SEARCH_PATHS_QUOTED_FOR_TARGET_4)",
					"$(LIBRARY_SEARCH_PATHS_QUOTED_FOR_TARGET_5)",
					"$(LIBRARY_SEARCH_PATHS_QUOTED_FOR_TARGET_6)",
					"$(LIBRARY_SEARCH_PATHS_QUOTED_FOR_TARGET_7)",
					"$(LIBRARY_SEARCH_PATHS_QUOTED_FOR_TARGET_8)",
					"$(LIBRARY_SEARCH_PATHS_QUOTED_FOR_TARGET_9)",
					"$(LIBRARY_SEARCH_PATHS_QUOTED_FOR_TARGET_10)",
					"$(LIBRARY_SEARCH_PATHS_QUOTED_FOR_TARGET_11)",
					"$(LIBRARY_SEARCH_PATHS_QUOTED_FOR_TARGET_12)",
					"$(LIBRARY_SEARCH_PATHS_QUOTED_FOR_TARGET_13)",
					"$(LIBRARY_SEARCH_PATHS_QUOTED_FOR_TARGET_14)",
					"$(LIBRARY_SEARCH_PATHS_QUOTED_FOR_TARGET_15)",
					"$(LIBRARY_SEARCH_PATHS_QUOTED_FOR_TARGET_2)",
					"$(LIBRARY_SEARCH_PATHS_QUOTED_1)",
					"$(LIBRARY_SEARCH_PATHS_QUOTED_FOR_TARGET_3)",
					"$(LIBRARY_SEARCH_PATHS_QUOTED_FOR_TARGET_7)",
				);
				LIBRARY_SEARCH_PATHS_QUOTED_1 = "\"$(SRCROOT)/../../../libs/glew/libs/osx\"";
				LIBRARY_SEARCH_PATHS_QUOTED_FOR_TARGET_1 = "\"$(SRCROOT)/../../../libs/freeimage/lib/osx\"";
				LIBRARY_SEARCH_PATHS_QUOTED_FOR_TARGET_14 = "\"$(SRCROOT)/../../../libs/fmodex/lib/osx\"";
				LIBRARY_SEARCH_PATHS_QUOTED_FOR_TARGET_15 = "\"$(SRCROOT)/../../../libs/freetype/lib/osx\"";
				LIBRARY_SEARCH_PATHS_QUOTED_FOR_TARGET_2 = "\"$(SRCROOT)/../../../libs/FreeImage/lib/osx\"";
				LIBRARY_SEARCH_PATHS_QUOTED_FOR_TARGET_3 = "\"$(SRCROOT)/../../../libs/glew/libs/osx\"";
				LIBRARY_SEARCH_PATHS_QUOTED_FOR_TARGET_4 = "";
				LIBRARY_SEARCH_PATHS_QUOTED_FOR_TARGET_5 = "\"$(SRCROOT)/../../../libs/poco/lib/osx\"";
				LIBRARY_SEARCH_PATHS_QUOTED_FOR_TARGET_6 = "\"$(SRCROOT)/../../../libs/rtAudio/lib/osx\"";
				LIBRARY_SEARCH_PATHS_QUOTED_FOR_TARGET_7 = "\"$(SRCROOT)/../../../../addons_diederick/ofxBoost/lib/mac\"";
				PREBINDING = NO;
				PRODUCT_NAME = "$(TARGET_NAME)";
				WRAPPER_EXTENSION = app;
				ZERO_LINK = NO;
			};
			name = Release;
		};
/* End XCBuildConfiguration section */

/* Begin XCConfigurationList section */
		E4B69B4D0A3A1720003C02F2 /* Build configuration list for PBXProject "ofxTwitterStreamExample" */ = {
			isa = XCConfigurationList;
			buildConfigurations = (
				E4B69B4E0A3A1720003C02F2 /* Debug */,
				E4B69B4F0A3A1720003C02F2 /* Release */,
			);
			defaultConfigurationIsVisible = 0;
			defaultConfigurationName = Release;
		};
		E4B69B5F0A3A1757003C02F2 /* Build configuration list for PBXNativeTarget "emptyExample" */ = {
			isa = XCConfigurationList;
			buildConfigurations = (
				E4B69B600A3A1757003C02F2 /* Debug */,
				E4B69B610A3A1757003C02F2 /* Release */,
			);
			defaultConfigurationIsVisible = 0;
			defaultConfigurationName = Release;
		};
/* End XCConfigurationList section */
	};
	rootObject = E4B69B4C0A3A1720003C02F2 /* Project object */;
}
